
Microsoft Visual Studio Solution File, Format Version 12.00
# Visual Studio 15
VisualStudioVersion = 15.0.26430.16
MinimumVisualStudioVersion = 10.0.40219.1
Project("{FAE04EC0-301F-11D3-BF4B-00C04F79EFBC}") = "Caculator_Bad", "Caculator_Bad\Caculator_Bad.csproj", "{C52F246E-B3B7-4C76-90F2-56C3ED92AEBF}"
EndProject
Project("{FAE04EC0-301F-11D3-BF4B-00C04F79EFBC}") = "Calculator_Usage", "Calculator_Usage\Calculator_Usage.csproj", "{F9732EED-8D7B-46EE-9AB9-854C8A3E8F6E}"
EndProject
Project("{FAE04EC0-301F-11D3-BF4B-00C04F79EFBC}") = "Calculator_Ugly", "Calculator_Ugly\Calculator_Ugly.csproj", "{8BA08B51-1646-4D24-895C-6821E670C101}"
EndProject
Global
	GlobalSection(SolutionConfigurationPlatforms) = preSolution
		Debug|Any CPU = Debug|Any CPU
		Release|Any CPU = Release|Any CPU
	EndGlobalSection
	GlobalSection(ProjectConfigurationPlatforms) = postSolution
		{C52F246E-B3B7-4C76-90F2-56C3ED92AEBF}.Debug|Any CPU.ActiveCfg = Debug|Any CPU
		{C52F246E-B3B7-4C76-90F2-56C3ED92AEBF}.Debug|Any CPU.Build.0 = Debug|Any CPU
		{C52F246E-B3B7-4C76-90F2-56C3ED92AEBF}.Release|Any CPU.ActiveCfg = Release|Any CPU
		{C52F246E-B3B7-4C76-90F2-56C3ED92AEBF}.Release|Any CPU.Build.0 = Release|Any CPU
		{F9732EED-8D7B-46EE-9AB9-854C8A3E8F6E}.Debug|Any CPU.ActiveCfg = Debug|Any CPU
		{F9732EED-8D7B-46EE-9AB9-854C8A3E8F6E}.Debug|Any CPU.Build.0 = Debug|Any CPU
		{F9732EED-8D7B-46EE-9AB9-854C8A3E8F6E}.Release|Any CPU.ActiveCfg = Release|Any CPU
		{F9732EED-8D7B-46EE-9AB9-854C8A3E8F6E}.Release|Any CPU.Build.0 = Release|Any CPU
		{8BA08B51-1646-4D24-895C-6821E670C101}.Debug|Any CPU.ActiveCfg = Debug|Any CPU
		{8BA08B51-1646-4D24-895C-6821E670C101}.Debug|Any CPU.Build.0 = Debug|Any CPU
		{8BA08B51-1646-4D24-895C-6821E670C101}.Release|Any CPU.ActiveCfg = Release|Any CPU
		{8BA08B51-1646-4D24-895C-6821E670C101}.Release|Any CPU.Build.0 = Release|Any CPU
	EndGlobalSection
	GlobalSection(SolutionProperties) = preSolution
		HideSolutionNode = FALSE
	EndGlobalSection
EndGlobal
